// !$*UTF8*$!
{
	archiveVersion = 1;
	classes = {
	};
	objectVersion = 50;
	objects = {

/* Begin PBXBuildFile section */
		7B9313EF21C40D7E00DB48A2 /* AppDelegate.swift in Sources */ = {isa = PBXBuildFile; fileRef = 7B9313EE21C40D7E00DB48A2 /* AppDelegate.swift */; };
		7B9313F121C40D7E00DB48A2 /* ViewController.swift in Sources */ = {isa = PBXBuildFile; fileRef = 7B9313F021C40D7E00DB48A2 /* ViewController.swift */; };
		7B9313F421C40D7E00DB48A2 /* Main.storyboard in Resources */ = {isa = PBXBuildFile; fileRef = 7B9313F221C40D7E00DB48A2 /* Main.storyboard */; };
		7B9313F621C40D7F00DB48A2 /* Assets.xcassets in Resources */ = {isa = PBXBuildFile; fileRef = 7B9313F521C40D7F00DB48A2 /* Assets.xcassets */; };
		7B9313F921C40D7F00DB48A2 /* LaunchScreen.storyboard in Resources */ = {isa = PBXBuildFile; fileRef = 7B9313F721C40D7F00DB48A2 /* LaunchScreen.storyboard */; };
		7B93140421C40D7F00DB48A2 /* NewsFeedTests.swift in Sources */ = {isa = PBXBuildFile; fileRef = 7B93140321C40D7F00DB48A2 /* NewsFeedTests.swift */; };
		7B93140F21C4131A00DB48A2 /* HeadlineTableViewCell.swift in Sources */ = {isa = PBXBuildFile; fileRef = 7B93140E21C4131A00DB48A2 /* HeadlineTableViewCell.swift */; };
/* End PBXBuildFile section */

/* Begin PBXContainerItemProxy section */
		7B93140021C40D7F00DB48A2 /* PBXContainerItemProxy */ = {
			isa = PBXContainerItemProxy;
			containerPortal = 7B9313E321C40D7E00DB48A2 /* Project object */;
			proxyType = 1;
			remoteGlobalIDString = 7B9313EA21C40D7E00DB48A2;
			remoteInfo = NewsFeed;
		};
/* End PBXContainerItemProxy section */

/* Begin PBXFileReference section */
		7B9313EB21C40D7E00DB48A2 /* NewsFeed.app */ = {isa = PBXFileReference; explicitFileType = wrapper.application; includeInIndex = 0; path = NewsFeed.app; sourceTree = BUILT_PRODUCTS_DIR; };
		7B9313EE21C40D7E00DB48A2 /* AppDelegate.swift */ = {isa = PBXFileReference; lastKnownFileType = sourcecode.swift; path = AppDelegate.swift; sourceTree = "<group>"; };
		7B9313F021C40D7E00DB48A2 /* ViewController.swift */ = {isa = PBXFileReference; lastKnownFileType = sourcecode.swift; path = ViewController.swift; sourceTree = "<group>"; };
		7B9313F321C40D7E00DB48A2 /* Base */ = {isa = PBXFileReference; lastKnownFileType = file.storyboard; name = Base; path = Base.lproj/Main.storyboard; sourceTree = "<group>"; };
		7B9313F521C40D7F00DB48A2 /* Assets.xcassets */ = {isa = PBXFileReference; lastKnownFileType = folder.assetcatalog; path = Assets.xcassets; sourceTree = "<group>"; };
		7B9313F821C40D7F00DB48A2 /* Base */ = {isa = PBXFileReference; lastKnownFileType = file.storyboard; name = Base; path = Base.lproj/LaunchScreen.storyboard; sourceTree = "<group>"; };
		7B9313FA21C40D7F00DB48A2 /* Info.plist */ = {isa = PBXFileReference; lastKnownFileType = text.plist.xml; path = Info.plist; sourceTree = "<group>"; };
		7B9313FF21C40D7F00DB48A2 /* NewsFeedTests.xctest */ = {isa = PBXFileReference; explicitFileType = wrapper.cfbundle; includeInIndex = 0; path = NewsFeedTests.xctest; sourceTree = BUILT_PRODUCTS_DIR; };
		7B93140321C40D7F00DB48A2 /* NewsFeedTests.swift */ = {isa = PBXFileReference; lastKnownFileType = sourcecode.swift; path = NewsFeedTests.swift; sourceTree = "<group>"; };
		7B93140521C40D7F00DB48A2 /* Info.plist */ = {isa = PBXFileReference; lastKnownFileType = text.plist.xml; path = Info.plist; sourceTree = "<group>"; };
		7B93140E21C4131A00DB48A2 /* HeadlineTableViewCell.swift */ = {isa = PBXFileReference; lastKnownFileType = sourcecode.swift; path = HeadlineTableViewCell.swift; sourceTree = "<group>"; };
/* End PBXFileReference section */

/* Begin PBXFrameworksBuildPhase section */
		7B9313E821C40D7E00DB48A2 /* Frameworks */ = {
			isa = PBXFrameworksBuildPhase;
			buildActionMask = 2147483647;
			files = (
			);
			runOnlyForDeploymentPostprocessing = 0;
		};
		7B9313FC21C40D7F00DB48A2 /* Frameworks */ = {
			isa = PBXFrameworksBuildPhase;
			buildActionMask = 2147483647;
			files = (
			);
			runOnlyForDeploymentPostprocessing = 0;
		};
/* End PBXFrameworksBuildPhase section */

/* Begin PBXGroup section */
		7B9313E221C40D7E00DB48A2 = {
			isa = PBXGroup;
			children = (
				7B9313ED21C40D7E00DB48A2 /* NewsFeed */,
				7B93140221C40D7F00DB48A2 /* NewsFeedTests */,
				7B9313EC21C40D7E00DB48A2 /* Products */,
			);
			sourceTree = "<group>";
		};
		7B9313EC21C40D7E00DB48A2 /* Products */ = {
			isa = PBXGroup;
			children = (
				7B9313EB21C40D7E00DB48A2 /* NewsFeed.app */,
				7B9313FF21C40D7F00DB48A2 /* NewsFeedTests.xctest */,
			);
			name = Products;
			sourceTree = "<group>";
		};
		7B9313ED21C40D7E00DB48A2 /* NewsFeed */ = {
			isa = PBXGroup;
			children = (
				7B9313EE21C40D7E00DB48A2 /* AppDelegate.swift */,
				7B93140E21C4131A00DB48A2 /* HeadlineTableViewCell.swift */,
				7B9313F021C40D7E00DB48A2 /* ViewController.swift */,
				7B9313F221C40D7E00DB48A2 /* Main.storyboard */,
				7B9313F521C40D7F00DB48A2 /* Assets.xcassets */,
				7B9313F721C40D7F00DB48A2 /* LaunchScreen.storyboard */,
				7B9313FA21C40D7F00DB48A2 /* Info.plist */,
			);
			path = NewsFeed;
			sourceTree = "<group>";
		};
		7B93140221C40D7F00DB48A2 /* NewsFeedTests */ = {
			isa = PBXGroup;
			children = (
				7B93140321C40D7F00DB48A2 /* NewsFeedTests.swift */,
				7B93140521C40D7F00DB48A2 /* Info.plist */,
			);
			path = NewsFeedTests;
			sourceTree = "<group>";
		};
/* End PBXGroup section */

/* Begin PBXNativeTarget section */
		7B9313EA21C40D7E00DB48A2 /* NewsFeed */ = {
			isa = PBXNativeTarget;
			buildConfigurationList = 7B93140821C40D7F00DB48A2 /* Build configuration list for PBXNativeTarget "NewsFeed" */;
			buildPhases = (
				7B9313E721C40D7E00DB48A2 /* Sources */,
				7B9313E821C40D7E00DB48A2 /* Frameworks */,
				7B9313E921C40D7E00DB48A2 /* Resources */,
			);
			buildRules = (
			);
			dependencies = (
			);
			name = NewsFeed;
			productName = NewsFeed;
			productReference = 7B9313EB21C40D7E00DB48A2 /* NewsFeed.app */;
			productType = "com.apple.product-type.application";
		};
		7B9313FE21C40D7F00DB48A2 /* NewsFeedTests */ = {
			isa = PBXNativeTarget;
			buildConfigurationList = 7B93140B21C40D7F00DB48A2 /* Build configuration list for PBXNativeTarget "NewsFeedTests" */;
			buildPhases = (
				7B9313FB21C40D7F00DB48A2 /* Sources */,
				7B9313FC21C40D7F00DB48A2 /* Frameworks */,
				7B9313FD21C40D7F00DB48A2 /* Resources */,
			);
			buildRules = (
			);
			dependencies = (
				7B93140121C40D7F00DB48A2 /* PBXTargetDependency */,
			);
			name = NewsFeedTests;
			productName = NewsFeedTests;
			productReference = 7B9313FF21C40D7F00DB48A2 /* NewsFeedTests.xctest */;
			productType = "com.apple.product-type.bundle.unit-test";
		};
/* End PBXNativeTarget section */

/* Begin PBXProject section */
		7B9313E321C40D7E00DB48A2 /* Project object */ = {
			isa = PBXProject;
			attributes = {
				LastSwiftUpdateCheck = 1010;
				LastUpgradeCheck = 1010;
				ORGANIZATIONNAME = "Dubsar Dictionary Project";
				TargetAttributes = {
					7B9313EA21C40D7E00DB48A2 = {
						CreatedOnToolsVersion = 10.1;
					};
					7B9313FE21C40D7F00DB48A2 = {
						CreatedOnToolsVersion = 10.1;
						TestTargetID = 7B9313EA21C40D7E00DB48A2;
					};
				};
			};
			buildConfigurationList = 7B9313E621C40D7E00DB48A2 /* Build configuration list for PBXProject "NewsFeed" */;
			compatibilityVersion = "Xcode 9.3";
			developmentRegion = en;
			hasScannedForEncodings = 0;
			knownRegions = (
				en,
				Base,
			);
			mainGroup = 7B9313E221C40D7E00DB48A2;
			productRefGroup = 7B9313EC21C40D7E00DB48A2 /* Products */;
			projectDirPath = "";
			projectRoot = "";
			targets = (
				7B9313EA21C40D7E00DB48A2 /* NewsFeed */,
				7B9313FE21C40D7F00DB48A2 /* NewsFeedTests */,
			);
		};
/* End PBXProject section */

/* Begin PBXResourcesBuildPhase section */
		7B9313E921C40D7E00DB48A2 /* Resources */ = {
			isa = PBXResourcesBuildPhase;
			buildActionMask = 2147483647;
			files = (
				7B9313F921C40D7F00DB48A2 /* LaunchScreen.storyboard in Resources */,
				7B9313F621C40D7F00DB48A2 /* Assets.xcassets in Resources */,
				7B9313F421C40D7E00DB48A2 /* Main.storyboard in Resources */,
			);
			runOnlyForDeploymentPostprocessing = 0;
		};
		7B9313FD21C40D7F00DB48A2 /* Resources */ = {
			isa = PBXResourcesBuildPhase;
			buildActionMask = 2147483647;
			files = (
			);
			runOnlyForDeploymentPostprocessing = 0;
		};
/* End PBXResourcesBuildPhase section */

/* Begin PBXSourcesBuildPhase section */
		7B9313E721C40D7E00DB48A2 /* Sources */ = {
			isa = PBXSourcesBuildPhase;
			buildActionMask = 2147483647;
			files = (
				7B93140F21C4131A00DB48A2 /* HeadlineTableViewCell.swift in Sources */,
				7B9313F121C40D7E00DB48A2 /* ViewController.swift in Sources */,
				7B9313EF21C40D7E00DB48A2 /* AppDelegate.swift in Sources */,
			);
			runOnlyForDeploymentPostprocessing = 0;
		};
		7B9313FB21C40D7F00DB48A2 /* Sources */ = {
			isa = PBXSourcesBuildPhase;
			buildActionMask = 2147483647;
			files = (
				7B93140421C40D7F00DB48A2 /* NewsFeedTests.swift in Sources */,
			);
			runOnlyForDeploymentPostprocessing = 0;
		};
/* End PBXSourcesBuildPhase section */

/* Begin PBXTargetDependency section */
		7B93140121C40D7F00DB48A2 /* PBXTargetDependency */ = {
			isa = PBXTargetDependency;
			target = 7B9313EA21C40D7E00DB48A2 /* NewsFeed */;
			targetProxy = 7B93140021C40D7F00DB48A2 /* PBXContainerItemProxy */;
		};
/* End PBXTargetDependency section */

/* Begin PBXVariantGroup section */
		7B9313F221C40D7E00DB48A2 /* Main.storyboard */ = {
			isa = PBXVariantGroup;
			children = (
				7B9313F321C40D7E00DB48A2 /* Base */,
			);
			name = Main.storyboard;
			sourceTree = "<group>";
		};
		7B9313F721C40D7F00DB48A2 /* LaunchScreen.storyboard */ = {
			isa = PBXVariantGroup;
			children = (
				7B9313F821C40D7F00DB48A2 /* Base */,
			);
			name = LaunchScreen.storyboard;
			sourceTree = "<group>";
		};
/* End PBXVariantGroup section */

/* Begin XCBuildConfiguration section */
		7B93140621C40D7F00DB48A2 /* Debug */ = {
			isa = XCBuildConfiguration;
			buildSettings = {
				ALWAYS_SEARCH_USER_PATHS = NO;
				CLANG_ANALYZER_NONNULL = YES;
				CLANG_ANALYZER_NUMBER_OBJECT_CONVERSION = YES_AGGRESSIVE;
				CLANG_CXX_LANGUAGE_STANDARD = "gnu++14";
				CLANG_CXX_LIBRARY = "libc++";
				CLANG_ENABLE_MODULES = YES;
				CLANG_ENABLE_OBJC_ARC = YES;
				CLANG_ENABLE_OBJC_WEAK = YES;
				CLANG_WARN_BLOCK_CAPTURE_AUTORELEASING = YES;
				CLANG_WARN_BOOL_CONVERSION = YES;
				CLANG_WARN_COMMA = YES;
				CLANG_WARN_CONSTANT_CONVERSION = YES;
				CLANG_WARN_DEPRECATED_OBJC_IMPLEMENTATIONS = YES;
				CLANG_WARN_DIRECT_OBJC_ISA_USAGE = YES_ERROR;
				CLANG_WARN_DOCUMENTATION_COMMENTS = YES;
				CLANG_WARN_EMPTY_BODY = YES;
				CLANG_WARN_ENUM_CONVERSION = YES;
				CLANG_WARN_INFINITE_RECURSION = YES;
				CLANG_WARN_INT_CONVERSION = YES;
				CLANG_WARN_NON_LITERAL_NULL_CONVERSION = YES;
				CLANG_WARN_OBJC_IMPLICIT_RETAIN_SELF = YES;
				CLANG_WARN_OBJC_LITERAL_CONVERSION = YES;
				CLANG_WARN_OBJC_ROOT_CLASS = YES_ERROR;
				CLANG_WARN_RANGE_LOOP_ANALYSIS = YES;
				CLANG_WARN_STRICT_PROTOTYPES = YES;
				CLANG_WARN_SUSPICIOUS_MOVE = YES;
				CLANG_WARN_UNGUARDED_AVAILABILITY = YES_AGGRESSIVE;
				CLANG_WARN_UNREACHABLE_CODE = YES;
				CLANG_WARN__DUPLICATE_METHOD_MATCH = YES;
				CODE_SIGN_IDENTITY = "iPhone Developer";
				COPY_PHASE_STRIP = NO;
				DEBUG_INFORMATION_FORMAT = dwarf;
				ENABLE_STRICT_OBJC_MSGSEND = YES;
				ENABLE_TESTABILITY = YES;
				GCC_C_LANGUAGE_STANDARD = gnu11;
				GCC_DYNAMIC_NO_PIC = NO;
				GCC_NO_COMMON_BLOCKS = YES;
				GCC_OPTIMIZATION_LEVEL = 0;
				GCC_PREPROCESSOR_DEFINITIONS = (
					"DEBUG=1",
					"$(inherited)",
				);
				GCC_WARN_64_TO_32_BIT_CONVERSION = YES;
				GCC_WARN_ABOUT_RETURN_TYPE = YES_ERROR;
				GCC_WARN_UNDECLARED_SELECTOR = YES;
				GCC_WARN_UNINITIALIZED_AUTOS = YES_AGGRESSIVE;
				GCC_WARN_UNUSED_FUNCTION = YES;
				GCC_WARN_UNUSED_VARIABLE = YES;
				IPHONEOS_DEPLOYMENT_TARGET = 12.1;
				MTL_ENABLE_DEBUG_INFO = INCLUDE_SOURCE;
				MTL_FAST_MATH = YES;
				ONLY_ACTIVE_ARCH = YES;
				SDKROOT = iphoneos;
				SWIFT_ACTIVE_COMPILATION_CONDITIONS = DEBUG;
				SWIFT_OPTIMIZATION_LEVEL = "-Onone";
			};
			name = Debug;
		};
		7B93140721C40D7F00DB48A2 /* Release */ = {
			isa = XCBuildConfiguration;
			buildSettings = {
				ALWAYS_SEARCH_USER_PATHS = NO;
				CLANG_ANALYZER_NONNULL = YES;
				CLANG_ANALYZER_NUMBER_OBJECT_CONVERSION = YES_AGGRESSIVE;
				CLANG_CXX_LANGUAGE_STANDARD = "gnu++14";
				CLANG_CXX_LIBRARY = "libc++";
				CLANG_ENABLE_MODULES = YES;
				CLANG_ENABLE_OBJC_ARC = YES;
				CLANG_ENABLE_OBJC_WEAK = YES;
				CLANG_WARN_BLOCK_CAPTURE_AUTORELEASING = YES;
				CLANG_WARN_BOOL_CONVERSION = YES;
				CLANG_WARN_COMMA = YES;
				CLANG_WARN_CONSTANT_CONVERSION = YES;
				CLANG_WARN_DEPRECATED_OBJC_IMPLEMENTATIONS = YES;
				CLANG_WARN_DIRECT_OBJC_ISA_USAGE = YES_ERROR;
				CLANG_WARN_DOCUMENTATION_COMMENTS = YES;
				CLANG_WARN_EMPTY_BODY = YES;
				CLANG_WARN_ENUM_CONVERSION = YES;
				CLANG_WARN_INFINITE_RECURSION = YES;
				CLANG_WARN_INT_CONVERSION = YES;
				CLANG_WARN_NON_LITERAL_NULL_CONVERSION = YES;
				CLANG_WARN_OBJC_IMPLICIT_RETAIN_SELF = YES;
				CLANG_WARN_OBJC_LITERAL_CONVERSION = YES;
				CLANG_WARN_OBJC_ROOT_CLASS = YES_ERROR;
				CLANG_WARN_RANGE_LOOP_ANALYSIS = YES;
				CLANG_WARN_STRICT_PROTOTYPES = YES;
				CLANG_WARN_SUSPICIOUS_MOVE = YES;
				CLANG_WARN_UNGUARDED_AVAILABILITY = YES_AGGRESSIVE;
				CLANG_WARN_UNREACHABLE_CODE = YES;
				CLANG_WARN__DUPLICATE_METHOD_MATCH = YES;
				CODE_SIGN_IDENTITY = "iPhone Developer";
				COPY_PHASE_STRIP = NO;
				DEBUG_INFORMATION_FORMAT = "dwarf-with-dsym";
				ENABLE_NS_ASSERTIONS = NO;
				ENABLE_STRICT_OBJC_MSGSEND = YES;
				GCC_C_LANGUAGE_STANDARD = gnu11;
				GCC_NO_COMMON_BLOCKS = YES;
				GCC_WARN_64_TO_32_BIT_CONVERSION = YES;
				GCC_WARN_ABOUT_RETURN_TYPE = YES_ERROR;
				GCC_WARN_UNDECLARED_SELECTOR = YES;
				GCC_WARN_UNINITIALIZED_AUTOS = YES_AGGRESSIVE;
				GCC_WARN_UNUSED_FUNCTION = YES;
				GCC_WARN_UNUSED_VARIABLE = YES;
				IPHONEOS_DEPLOYMENT_TARGET = 12.1;
				MTL_ENABLE_DEBUG_INFO = NO;
				MTL_FAST_MATH = YES;
				SDKROOT = iphoneos;
				SWIFT_COMPILATION_MODE = wholemodule;
				SWIFT_OPTIMIZATION_LEVEL = "-O";
				VALIDATE_PRODUCT = YES;
			};
			name = Release;
		};
		7B93140921C40D7F00DB48A2 /* Debug */ = {
			isa = XCBuildConfiguration;
			buildSettings = {
				ASSETCATALOG_COMPILER_APPICON_NAME = AppIcon;
				CODE_SIGN_STYLE = Automatic;
				DEVELOPMENT_TEAM = RAARD2VX57;
				INFOPLIST_FILE = NewsFeed/Info.plist;
				LD_RUNPATH_SEARCH_PATHS = (
					"$(inherited)",
					"@executable_path/Frameworks",
				);
				PRODUCT_BUNDLE_IDENTIFIER = info.dubsar.NewsFeed;
				PRODUCT_NAME = "$(TARGET_NAME)";
				SWIFT_VERSION = 4.2;
				TARGETED_DEVICE_FAMILY = "1,2";
			};
			name = Debug;
		};
		7B93140A21C40D7F00DB48A2 /* Release */ = {
			isa = XCBuildConfiguration;
			buildSettings = {
				ASSETCATALOG_COMPILER_APPICON_NAME = AppIcon;
				CODE_SIGN_STYLE = Automatic;
				DEVELOPMENT_TEAM = RAARD2VX57;
				INFOPLIST_FILE = NewsFeed/Info.plist;
				LD_RUNPATH_SEARCH_PATHS = (
					"$(inherited)",
					"@executable_path/Frameworks",
				);
				PRODUCT_BUNDLE_IDENTIFIER = info.dubsar.NewsFeed;
				PRODUCT_NAME = "$(TARGET_NAME)";
				SWIFT_VERSION = 4.2;
				TARGETED_DEVICE_FAMILY = "1,2";
			};
			name = Release;
		};
		7B93140C21C40D7F00DB48A2 /* Debug */ = {
			isa = XCBuildConfiguration;
			buildSettings = {
				ALWAYS_EMBED_SWIFT_STANDARD_LIBRARIES = YES;
				BUNDLE_LOADER = "$(TEST_HOST)";
				CODE_SIGN_STYLE = Automatic;
				INFOPLIST_FILE = NewsFeedTests/Info.plist;
				LD_RUNPATH_SEARCH_PATHS = (
					"$(inherited)",
					"@executable_path/Frameworks",
					"@loader_path/Frameworks",
				);
				PRODUCT_BUNDLE_IDENTIFIER = info.dubsar.NewsFeedTests;
				PRODUCT_NAME = "$(TARGET_NAME)";
				SWIFT_VERSION = 4.2;
				TARGETED_DEVICE_FAMILY = "1,2";
				TEST_HOST = "$(BUILT_PRODUCTS_DIR)/NewsFeed.app/NewsFeed";
			};
			name = Debug;
		};
		7B93140D21C40D7F00DB48A2 /* Release */ = {
			isa = XCBuildConfiguration;
			buildSettings = {
				ALWAYS_EMBED_SWIFT_STANDARD_LIBRARIES = YES;
				BUNDLE_LOADER = "$(TEST_HOST)";
				CODE_SIGN_STYLE = Automatic;
				INFOPLIST_FILE = NewsFeedTests/Info.plist;
				LD_RUNPATH_SEARCH_PATHS = (
					"$(inherited)",
					"@executable_path/Frameworks",
					"@loader_path/Frameworks",
				);
				PRODUCT_BUNDLE_IDENTIFIER = info.dubsar.NewsFeedTests;
				PRODUCT_NAME = "$(TARGET_NAME)";
				SWIFT_VERSION = 4.2;
				TARGETED_DEVICE_FAMILY = "1,2";
				TEST_HOST = "$(BUILT_PRODUCTS_DIR)/NewsFeed.app/NewsFeed";
			};
			name = Release;
		};
/* End XCBuildConfiguration section */

/* Begin XCConfigurationList section */
		7B9313E621C40D7E00DB48A2 /* Build configuration list for PBXProject "NewsFeed" */ = {
			isa = XCConfigurationList;
			buildConfigurations = (
				7B93140621C40D7F00DB48A2 /* Debug */,
				7B93140721C40D7F00DB48A2 /* Release */,
			);
			defaultConfigurationIsVisible = 0;
			defaultConfigurationName = Release;
		};
		7B93140821C40D7F00DB48A2 /* Build configuration list for PBXNativeTarget "NewsFeed" */ = {
			isa = XCConfigurationList;
			buildConfigurations = (
				7B93140921C40D7F00DB48A2 /* Debug */,
				7B93140A21C40D7F00DB48A2 /* Release */,
			);
			defaultConfigurationIsVisible = 0;
			defaultConfigurationName = Release;
		};
		7B93140B21C40D7F00DB48A2 /* Build configuration list for PBXNativeTarget "NewsFeedTests" */ = {
			isa = XCConfigurationList;
			buildConfigurations = (
				7B93140C21C40D7F00DB48A2 /* Debug */,
				7B93140D21C40D7F00DB48A2 /* Release */,
			);
			defaultConfigurationIsVisible = 0;
			defaultConfigurationName = Release;
		};
/* End XCConfigurationList section */
	};
	rootObject = 7B9313E321C40D7E00DB48A2 /* Project object */;
}
